
Microsoft Visual Studio Solution File, Format Version 12.00
# Visual Studio Version 17
VisualStudioVersion = 17.12.35527.113
MinimumVisualStudioVersion = 10.0.40219.1
Project("{FAE04EC0-301F-11D3-BF4B-00C04F79EFBC}") = "POC.ThomasGreg.Cadastro.Api", "Projetos\POC.ThomasGreg.Cadastro.Api\POC.ThomasGreg.Cadastro.Api.csproj", "{AC32A7BB-35B7-4DA0-BFE4-A794A62003A1}"
EndProject
Project("{2150E333-8FDC-42A3-9474-1A3956D46DE8}") = "1 - Distribuition", "1 - Distribuition", "{57C5BD16-99DC-44D8-B13E-8663F9FF905B}"
EndProject
Project("{2150E333-8FDC-42A3-9474-1A3956D46DE8}") = "2 - Application", "2 - Application", "{B8043B3E-CC2D-4D88-A67A-87BB11FAF135}"
EndProject
Project("{2150E333-8FDC-42A3-9474-1A3956D46DE8}") = "3 - Domain", "3 - Domain", "{0665EC24-3985-4E84-AFE1-086EE5A98448}"
EndProject
Project("{2150E333-8FDC-42A3-9474-1A3956D46DE8}") = "4 - Infra", "4 - Infra", "{2E2BD35D-3628-4B61-96D8-2044B4BC197F}"
EndProject
Project("{FAE04EC0-301F-11D3-BF4B-00C04F79EFBC}") = "POC.ThomasGreg.Cadastro.Application", "Projetos\POC.ThomasGreg.Cadastro.Application\POC.ThomasGreg.Cadastro.Application.csproj", "{5AF2317A-895E-4B09-AE54-364E9076164D}"
EndProject
Project("{FAE04EC0-301F-11D3-BF4B-00C04F79EFBC}") = "POC.ThomasGreg.Cadastro.Infra.Log", "Projetos\POC.ThomasGreg.Cadastro.Infra.Log\POC.ThomasGreg.Cadastro.Infra.Log.csproj", "{7A22ED97-CF3C-43E3-9822-C803CD066B6C}"
EndProject
Project("{FAE04EC0-301F-11D3-BF4B-00C04F79EFBC}") = "POC.ThomasGreg.Cadastro.Infra.Memoria", "Projetos\POC.ThomasGreg.Cadastro.Infra\POC.ThomasGreg.Cadastro.Infra.Memoria.csproj", "{D72F87C3-D009-4ECA-9A51-C477B94F5A4B}"
EndProject
Project("{FAE04EC0-301F-11D3-BF4B-00C04F79EFBC}") = "POC.ThomasGreg.Cadastro.Domain", "Projetos\POC.ThomasGreg.Cadastro.Domain\POC.ThomasGreg.Cadastro.Domain.csproj", "{EA5EF2BB-6287-4411-8BA4-55C692686D62}"
EndProject
Project("{FAE04EC0-301F-11D3-BF4B-00C04F79EFBC}") = "POC.ThomasGreg.Cadastro.Infra.SqlServer", "Projetos\POC.ThomasGreg.Cadastro.Infra.SqlServer\POC.ThomasGreg.Cadastro.Infra.SqlServer.csproj", "{597460F6-07C4-4746-990D-556FCA637BF6}"
EndProject
Global
	GlobalSection(SolutionConfigurationPlatforms) = preSolution
		Debug|Any CPU = Debug|Any CPU
		Release|Any CPU = Release|Any CPU
	EndGlobalSection
	GlobalSection(ProjectConfigurationPlatforms) = postSolution
		{AC32A7BB-35B7-4DA0-BFE4-A794A62003A1}.Debug|Any CPU.ActiveCfg = Debug|Any CPU
		{AC32A7BB-35B7-4DA0-BFE4-A794A62003A1}.Debug|Any CPU.Build.0 = Debug|Any CPU
		{AC32A7BB-35B7-4DA0-BFE4-A794A62003A1}.Release|Any CPU.ActiveCfg = Release|Any CPU
		{AC32A7BB-35B7-4DA0-BFE4-A794A62003A1}.Release|Any CPU.Build.0 = Release|Any CPU
		{5AF2317A-895E-4B09-AE54-364E9076164D}.Debug|Any CPU.ActiveCfg = Debug|Any CPU
		{5AF2317A-895E-4B09-AE54-364E9076164D}.Debug|Any CPU.Build.0 = Debug|Any CPU
		{5AF2317A-895E-4B09-AE54-364E9076164D}.Release|Any CPU.ActiveCfg = Release|Any CPU
		{5AF2317A-895E-4B09-AE54-364E9076164D}.Release|Any CPU.Build.0 = Release|Any CPU
		{7A22ED97-CF3C-43E3-9822-C803CD066B6C}.Debug|Any CPU.ActiveCfg = Debug|Any CPU
		{7A22ED97-CF3C-43E3-9822-C803CD066B6C}.Debug|Any CPU.Build.0 = Debug|Any CPU
		{7A22ED97-CF3C-43E3-9822-C803CD066B6C}.Release|Any CPU.ActiveCfg = Release|Any CPU
		{7A22ED97-CF3C-43E3-9822-C803CD066B6C}.Release|Any CPU.Build.0 = Release|Any CPU
		{D72F87C3-D009-4ECA-9A51-C477B94F5A4B}.Debug|Any CPU.ActiveCfg = Debug|Any CPU
		{D72F87C3-D009-4ECA-9A51-C477B94F5A4B}.Debug|Any CPU.Build.0 = Debug|Any CPU
		{D72F87C3-D009-4ECA-9A51-C477B94F5A4B}.Release|Any CPU.ActiveCfg = Release|Any CPU
		{D72F87C3-D009-4ECA-9A51-C477B94F5A4B}.Release|Any CPU.Build.0 = Release|Any CPU
		{EA5EF2BB-6287-4411-8BA4-55C692686D62}.Debug|Any CPU.ActiveCfg = Debug|Any CPU
		{EA5EF2BB-6287-4411-8BA4-55C692686D62}.Debug|Any CPU.Build.0 = Debug|Any CPU
		{EA5EF2BB-6287-4411-8BA4-55C692686D62}.Release|Any CPU.ActiveCfg = Release|Any CPU
		{EA5EF2BB-6287-4411-8BA4-55C692686D62}.Release|Any CPU.Build.0 = Release|Any CPU
		{597460F6-07C4-4746-990D-556FCA637BF6}.Debug|Any CPU.ActiveCfg = Debug|Any CPU
		{597460F6-07C4-4746-990D-556FCA637BF6}.Debug|Any CPU.Build.0 = Debug|Any CPU
		{597460F6-07C4-4746-990D-556FCA637BF6}.Release|Any CPU.ActiveCfg = Release|Any CPU
		{597460F6-07C4-4746-990D-556FCA637BF6}.Release|Any CPU.Build.0 = Release|Any CPU
	EndGlobalSection
	GlobalSection(SolutionProperties) = preSolution
		HideSolutionNode = FALSE
	EndGlobalSection
	GlobalSection(NestedProjects) = preSolution
		{AC32A7BB-35B7-4DA0-BFE4-A794A62003A1} = {57C5BD16-99DC-44D8-B13E-8663F9FF905B}
		{5AF2317A-895E-4B09-AE54-364E9076164D} = {B8043B3E-CC2D-4D88-A67A-87BB11FAF135}
		{7A22ED97-CF3C-43E3-9822-C803CD066B6C} = {2E2BD35D-3628-4B61-96D8-2044B4BC197F}
		{D72F87C3-D009-4ECA-9A51-C477B94F5A4B} = {2E2BD35D-3628-4B61-96D8-2044B4BC197F}
		{EA5EF2BB-6287-4411-8BA4-55C692686D62} = {0665EC24-3985-4E84-AFE1-086EE5A98448}
		{597460F6-07C4-4746-990D-556FCA637BF6} = {2E2BD35D-3628-4B61-96D8-2044B4BC197F}
	EndGlobalSection
EndGlobal
